Microsoft Visual Studio Solution File, Format Version 12.00
# Visual Studio Version 17
VisualStudioVersion = 17.5.2.0
MinimumVisualStudioVersion = 10.0.40219.1
Project("{FAE04EC0-301F-11D3-BF4B-00C04F79EFBC}") = "BusApp", "BusApp.csproj", "{17ED67FE-2B75-D5F6-65D0-E930CFB3AE57}"
EndProject
Global
	GlobalSection(SolutionConfigurationPlatforms) = preSolution
		Debug|Any CPU = Debug|Any CPU
		Release|Any CPU = Release|Any CPU
	EndGlobalSection
	GlobalSection(ProjectConfigurationPlatforms) = postSolution
		{17ED67FE-2B75-D5F6-65D0-E930CFB3AE57}.Debug|Any CPU.ActiveCfg = Debug|Any CPU
		{17ED67FE-2B75-D5F6-65D0-E930CFB3AE57}.Debug|Any CPU.Build.0 = Debug|Any CPU
		{17ED67FE-2B75-D5F6-65D0-E930CFB3AE57}.Release|Any CPU.ActiveCfg = Release|Any CPU
		{17ED67FE-2B75-D5F6-65D0-E930CFB3AE57}.Release|Any CPU.Build.0 = Release|Any CPU
	EndGlobalSection
	GlobalSection(SolutionProperties) = preSolution
		HideSolutionNode = FALSE
	EndGlobalSection
	GlobalSection(ExtensibilityGlobals) = postSolution
		SolutionGuid = {B6EE5FDD-D6E1-4938-9F01-9A208C3AD883}
	EndGlobalSection
EndGlobal
